// !$*UTF8*$!
{
	archiveVersion = 1;
	classes = {
	};
	objectVersion = 56;
	objects = {

/* Begin PBXBuildFile section */
		3F565A8A2AC1BB110003A7CC /* GameViewController.swift in Sources */ = {isa = PBXBuildFile; fileRef = 3F565A892AC1BB110003A7CC /* GameViewController.swift */; };
		3F825F582AC1CEA400392156 /* GameView.swift in Sources */ = {isa = PBXBuildFile; fileRef = 3F825F572AC1CEA400392156 /* GameView.swift */; };
		3F825F5A2AC1D82300392156 /* GameViewDataSourceExtension.swift in Sources */ = {isa = PBXBuildFile; fileRef = 3F825F592AC1D82300392156 /* GameViewDataSourceExtension.swift */; };
		3F825F5C2AC1D89E00392156 /* GameViewDelegateExtension.swift in Sources */ = {isa = PBXBuildFile; fileRef = 3F825F5B2AC1D89E00392156 /* GameViewDelegateExtension.swift */; };
		3F825F5E2AC1D8C200392156 /* GameViewCollectionViewDelegateFlowLayoutExtension.swift in Sources */ = {isa = PBXBuildFile; fileRef = 3F825F5D2AC1D8C200392156 /* GameViewCollectionViewDelegateFlowLayoutExtension.swift */; };
		3F825F602AC1DA1800392156 /* GameInstanceCell.swift in Sources */ = {isa = PBXBuildFile; fileRef = 3F825F5F2AC1DA1800392156 /* GameInstanceCell.swift */; };
		3F825F632AC1DC8200392156 /* GameEngine.swift in Sources */ = {isa = PBXBuildFile; fileRef = 3F825F622AC1DC8200392156 /* GameEngine.swift */; };
		3F825F652AC1E49B00392156 /* GameInstance.swift in Sources */ = {isa = PBXBuildFile; fileRef = 3F825F642AC1E49B00392156 /* GameInstance.swift */; };
		3F825F682AC1E57900392156 /* HeartInstance.swift in Sources */ = {isa = PBXBuildFile; fileRef = 3F825F672AC1E57900392156 /* HeartInstance.swift */; };
		3F825F6A2AC1E5F400392156 /* StarInstance.swift in Sources */ = {isa = PBXBuildFile; fileRef = 3F825F692AC1E5F400392156 /* StarInstance.swift */; };
		3F825F6C2AC1E67600392156 /* TriangleInstance.swift in Sources */ = {isa = PBXBuildFile; fileRef = 3F825F6B2AC1E67600392156 /* TriangleInstance.swift */; };
		3F825F6E2AC1E6AB00392156 /* SquareInstance.swift in Sources */ = {isa = PBXBuildFile; fileRef = 3F825F6D2AC1E6AB00392156 /* SquareInstance.swift */; };
		3F825F702AC1E6E600392156 /* EmptyInstance.swift in Sources */ = {isa = PBXBuildFile; fileRef = 3F825F6F2AC1E6E600392156 /* EmptyInstance.swift */; };
		3F825F722AC2D55F00392156 /* SwipeGestureDelegate.swift in Sources */ = {isa = PBXBuildFile; fileRef = 3F825F712AC2D55F00392156 /* SwipeGestureDelegate.swift */; };
		3F825F782AC2D5D200392156 /* GameViewSwipeGestureDelegateExtension.swift in Sources */ = {isa = PBXBuildFile; fileRef = 3F825F772AC2D5D200392156 /* GameViewSwipeGestureDelegateExtension.swift */; };
		3F825F7A2AC2D88000392156 /* GameViewModel.swift in Sources */ = {isa = PBXBuildFile; fileRef = 3F825F792AC2D88000392156 /* GameViewModel.swift */; };
		3FA8C7CD2AC833D5007C2F4B /* GameEngineBoardProtocol.swift in Sources */ = {isa = PBXBuildFile; fileRef = 3FA8C7CC2AC833D5007C2F4B /* GameEngineBoardProtocol.swift */; };
		3FA8C7CF2AC83440007C2F4B /* GameEngineBoardMeneger.swift in Sources */ = {isa = PBXBuildFile; fileRef = 3FA8C7CE2AC83440007C2F4B /* GameEngineBoardMeneger.swift */; };
		3FA8C7D12AC83723007C2F4B /* GameEngineSwipeHendlerProtocol.swift in Sources */ = {isa = PBXBuildFile; fileRef = 3FA8C7D02AC83723007C2F4B /* GameEngineSwipeHendlerProtocol.swift */; };
		3FA8C7D32AC837EB007C2F4B /* GameEngineBoardChangeHendlerProtocol.swift in Sources */ = {isa = PBXBuildFile; fileRef = 3FA8C7D22AC837EB007C2F4B /* GameEngineBoardChangeHendlerProtocol.swift */; };
		3FA8C7D62AC838A0007C2F4B /* GameEngineSwipeMeneger.swift in Sources */ = {isa = PBXBuildFile; fileRef = 3FA8C7D52AC838A0007C2F4B /* GameEngineSwipeMeneger.swift */; };
		3FA8C7D82AC83CC5007C2F4B /* GameEnigneCheckMatchsProtocol.swift in Sources */ = {isa = PBXBuildFile; fileRef = 3FA8C7D72AC83CC5007C2F4B /* GameEnigneCheckMatchsProtocol.swift */; };
		3FA8C7DA2AC83D36007C2F4B /* GameEngineCheckMeneger.swift in Sources */ = {isa = PBXBuildFile; fileRef = 3FA8C7D92AC83D36007C2F4B /* GameEngineCheckMeneger.swift */; };
		3FA8C7DC2AC83F62007C2F4B /* GameEngineBoardHendler.swift in Sources */ = {isa = PBXBuildFile; fileRef = 3FA8C7DB2AC83F62007C2F4B /* GameEngineBoardHendler.swift */; };
		3FBC4D6D2AB0E54800B0E711 /* AppDelegate.swift in Sources */ = {isa = PBXBuildFile; fileRef = 3FBC4D6C2AB0E54800B0E711 /* AppDelegate.swift */; };
		3FBC4D6F2AB0E54800B0E711 /* SceneDelegate.swift in Sources */ = {isa = PBXBuildFile; fileRef = 3FBC4D6E2AB0E54800B0E711 /* SceneDelegate.swift */; };
		3FBC4D712AB0E54800B0E711 /* JoinGameViewController.swift in Sources */ = {isa = PBXBuildFile; fileRef = 3FBC4D702AB0E54800B0E711 /* JoinGameViewController.swift */; };
		3FBC4D742AB0E54800B0E711 /* Main.storyboard in Resources */ = {isa = PBXBuildFile; fileRef = 3FBC4D722AB0E54800B0E711 /* Main.storyboard */; };
		3FBC4D762AB0E54A00B0E711 /* Assets.xcassets in Resources */ = {isa = PBXBuildFile; fileRef = 3FBC4D752AB0E54A00B0E711 /* Assets.xcassets */; };
		3FBC4D792AB0E54A00B0E711 /* LaunchScreen.storyboard in Resources */ = {isa = PBXBuildFile; fileRef = 3FBC4D772AB0E54A00B0E711 /* LaunchScreen.storyboard */; };
		3FC2DDE72AC8BED8007E2807 /* GameInstanceImageEnum.swift in Sources */ = {isa = PBXBuildFile; fileRef = 3FC2DDE62AC8BED8007E2807 /* GameInstanceImageEnum.swift */; };
		CC3F40392AC073CE0065075E /* CherryBombOne-Regular.ttf in Resources */ = {isa = PBXBuildFile; fileRef = CC3F40382AC073CE0065075E /* CherryBombOne-Regular.ttf */; };
		CC3F403C2AC075A20065075E /* UIColor + Extension.swift in Sources */ = {isa = PBXBuildFile; fileRef = CC3F403B2AC075A20065075E /* UIColor + Extension.swift */; };
		CC49D3082ACB16FF007FDE7F /* GameEnginePlayInformation.swift in Sources */ = {isa = PBXBuildFile; fileRef = CC49D3072ACB16FF007FDE7F /* GameEnginePlayInformation.swift */; };
		CC49D30A2ACB1743007FDE7F /* GameEnginePlayInformationManager.swift in Sources */ = {isa = PBXBuildFile; fileRef = CC49D3092ACB1743007FDE7F /* GameEnginePlayInformationManager.swift */; };
/* End PBXBuildFile section */

/* Begin PBXFileReference section */
		3F565A892AC1BB110003A7CC /* GameViewController.swift */ = {isa = PBXFileReference; lastKnownFileType = sourcecode.swift; path = GameViewController.swift; sourceTree = "<group>"; };
		3F825F572AC1CEA400392156 /* GameView.swift */ = {isa = PBXFileReference; lastKnownFileType = sourcecode.swift; path = GameView.swift; sourceTree = "<group>"; };
		3F825F592AC1D82300392156 /* GameViewDataSourceExtension.swift */ = {isa = PBXFileReference; lastKnownFileType = sourcecode.swift; path = GameViewDataSourceExtension.swift; sourceTree = "<group>"; };
		3F825F5B2AC1D89E00392156 /* GameViewDelegateExtension.swift */ = {isa = PBXFileReference; lastKnownFileType = sourcecode.swift; path = GameViewDelegateExtension.swift; sourceTree = "<group>"; };
		3F825F5D2AC1D8C200392156 /* GameViewCollectionViewDelegateFlowLayoutExtension.swift */ = {isa = PBXFileReference; lastKnownFileType = sourcecode.swift; path = GameViewCollectionViewDelegateFlowLayoutExtension.swift; sourceTree = "<group>"; };
		3F825F5F2AC1DA1800392156 /* GameInstanceCell.swift */ = {isa = PBXFileReference; lastKnownFileType = sourcecode.swift; path = GameInstanceCell.swift; sourceTree = "<group>"; };
		3F825F622AC1DC8200392156 /* GameEngine.swift */ = {isa = PBXFileReference; lastKnownFileType = sourcecode.swift; path = GameEngine.swift; sourceTree = "<group>"; };
		3F825F642AC1E49B00392156 /* GameInstance.swift */ = {isa = PBXFileReference; lastKnownFileType = sourcecode.swift; path = GameInstance.swift; sourceTree = "<group>"; };
		3F825F672AC1E57900392156 /* HeartInstance.swift */ = {isa = PBXFileReference; lastKnownFileType = sourcecode.swift; path = HeartInstance.swift; sourceTree = "<group>"; };
		3F825F692AC1E5F400392156 /* StarInstance.swift */ = {isa = PBXFileReference; lastKnownFileType = sourcecode.swift; path = StarInstance.swift; sourceTree = "<group>"; };
		3F825F6B2AC1E67600392156 /* TriangleInstance.swift */ = {isa = PBXFileReference; lastKnownFileType = sourcecode.swift; path = TriangleInstance.swift; sourceTree = "<group>"; };
		3F825F6D2AC1E6AB00392156 /* SquareInstance.swift */ = {isa = PBXFileReference; lastKnownFileType = sourcecode.swift; path = SquareInstance.swift; sourceTree = "<group>"; };
		3F825F6F2AC1E6E600392156 /* EmptyInstance.swift */ = {isa = PBXFileReference; lastKnownFileType = sourcecode.swift; path = EmptyInstance.swift; sourceTree = "<group>"; };
		3F825F712AC2D55F00392156 /* SwipeGestureDelegate.swift */ = {isa = PBXFileReference; lastKnownFileType = sourcecode.swift; path = SwipeGestureDelegate.swift; sourceTree = "<group>"; };
		3F825F772AC2D5D200392156 /* GameViewSwipeGestureDelegateExtension.swift */ = {isa = PBXFileReference; lastKnownFileType = sourcecode.swift; path = GameViewSwipeGestureDelegateExtension.swift; sourceTree = "<group>"; };
		3F825F792AC2D88000392156 /* GameViewModel.swift */ = {isa = PBXFileReference; lastKnownFileType = sourcecode.swift; path = GameViewModel.swift; sourceTree = "<group>"; };
		3FA8C7CC2AC833D5007C2F4B /* GameEngineBoardProtocol.swift */ = {isa = PBXFileReference; lastKnownFileType = sourcecode.swift; path = GameEngineBoardProtocol.swift; sourceTree = "<group>"; };
		3FA8C7CE2AC83440007C2F4B /* GameEngineBoardMeneger.swift */ = {isa = PBXFileReference; lastKnownFileType = sourcecode.swift; path = GameEngineBoardMeneger.swift; sourceTree = "<group>"; };
		3FA8C7D02AC83723007C2F4B /* GameEngineSwipeHendlerProtocol.swift */ = {isa = PBXFileReference; lastKnownFileType = sourcecode.swift; path = GameEngineSwipeHendlerProtocol.swift; sourceTree = "<group>"; };
		3FA8C7D22AC837EB007C2F4B /* GameEngineBoardChangeHendlerProtocol.swift */ = {isa = PBXFileReference; lastKnownFileType = sourcecode.swift; path = GameEngineBoardChangeHendlerProtocol.swift; sourceTree = "<group>"; };
		3FA8C7D52AC838A0007C2F4B /* GameEngineSwipeMeneger.swift */ = {isa = PBXFileReference; lastKnownFileType = sourcecode.swift; path = GameEngineSwipeMeneger.swift; sourceTree = "<group>"; };
		3FA8C7D72AC83CC5007C2F4B /* GameEnigneCheckMatchsProtocol.swift */ = {isa = PBXFileReference; lastKnownFileType = sourcecode.swift; path = GameEnigneCheckMatchsProtocol.swift; sourceTree = "<group>"; };
		3FA8C7D92AC83D36007C2F4B /* GameEngineCheckMeneger.swift */ = {isa = PBXFileReference; lastKnownFileType = sourcecode.swift; path = GameEngineCheckMeneger.swift; sourceTree = "<group>"; };
		3FA8C7DB2AC83F62007C2F4B /* GameEngineBoardHendler.swift */ = {isa = PBXFileReference; lastKnownFileType = sourcecode.swift; path = GameEngineBoardHendler.swift; sourceTree = "<group>"; };
		3FBC4D692AB0E54800B0E711 /* CandyCrashByPicsartAcademy.app */ = {isa = PBXFileReference; explicitFileType = wrapper.application; includeInIndex = 0; path = CandyCrashByPicsartAcademy.app; sourceTree = BUILT_PRODUCTS_DIR; };
		3FBC4D6C2AB0E54800B0E711 /* AppDelegate.swift */ = {isa = PBXFileReference; lastKnownFileType = sourcecode.swift; path = AppDelegate.swift; sourceTree = "<group>"; };
		3FBC4D6E2AB0E54800B0E711 /* SceneDelegate.swift */ = {isa = PBXFileReference; lastKnownFileType = sourcecode.swift; path = SceneDelegate.swift; sourceTree = "<group>"; };
		3FBC4D702AB0E54800B0E711 /* JoinGameViewController.swift */ = {isa = PBXFileReference; lastKnownFileType = sourcecode.swift; path = JoinGameViewController.swift; sourceTree = "<group>"; };
		3FBC4D732AB0E54800B0E711 /* Base */ = {isa = PBXFileReference; lastKnownFileType = file.storyboard; name = Base; path = Base.lproj/Main.storyboard; sourceTree = "<group>"; };
		3FBC4D752AB0E54A00B0E711 /* Assets.xcassets */ = {isa = PBXFileReference; lastKnownFileType = folder.assetcatalog; path = Assets.xcassets; sourceTree = "<group>"; };
		3FBC4D782AB0E54A00B0E711 /* Base */ = {isa = PBXFileReference; lastKnownFileType = file.storyboard; name = Base; path = Base.lproj/LaunchScreen.storyboard; sourceTree = "<group>"; };
		3FBC4D7A2AB0E54A00B0E711 /* Info.plist */ = {isa = PBXFileReference; lastKnownFileType = text.plist.xml; path = Info.plist; sourceTree = "<group>"; };
		3FC2DDE62AC8BED8007E2807 /* GameInstanceImageEnum.swift */ = {isa = PBXFileReference; lastKnownFileType = sourcecode.swift; path = GameInstanceImageEnum.swift; sourceTree = "<group>"; };
		CC3F40382AC073CE0065075E /* CherryBombOne-Regular.ttf */ = {isa = PBXFileReference; lastKnownFileType = file; path = "CherryBombOne-Regular.ttf"; sourceTree = "<group>"; };
		CC3F403B2AC075A20065075E /* UIColor + Extension.swift */ = {isa = PBXFileReference; lastKnownFileType = sourcecode.swift; path = "UIColor + Extension.swift"; sourceTree = "<group>"; };
		CC49D3072ACB16FF007FDE7F /* GameEnginePlayInformation.swift */ = {isa = PBXFileReference; lastKnownFileType = sourcecode.swift; path = GameEnginePlayInformation.swift; sourceTree = "<group>"; };
		CC49D3092ACB1743007FDE7F /* GameEnginePlayInformationManager.swift */ = {isa = PBXFileReference; lastKnownFileType = sourcecode.swift; path = GameEnginePlayInformationManager.swift; sourceTree = "<group>"; };
/* End PBXFileReference section */

/* Begin PBXFrameworksBuildPhase section */
		3FBC4D662AB0E54800B0E711 /* Frameworks */ = {
			isa = PBXFrameworksBuildPhase;
			buildActionMask = 2147483647;
			files = (
			);
			runOnlyForDeploymentPostprocessing = 0;
		};
/* End PBXFrameworksBuildPhase section */

/* Begin PBXGroup section */
		3F565A872AC1BB040003A7CC /* GameView */ = {
			isa = PBXGroup;
			children = (
				3F825F762AC2D57C00392156 /* ViewModal */,
				3F825F752AC2D57600392156 /* Modal */,
				3F565A882AC1BB0B0003A7CC /* View */,
			);
			path = GameView;
			sourceTree = "<group>";
		};
		3F565A882AC1BB0B0003A7CC /* View */ = {
			isa = PBXGroup;
			children = (
				3F565A892AC1BB110003A7CC /* GameViewController.swift */,
				3F825F772AC2D5D200392156 /* GameViewSwipeGestureDelegateExtension.swift */,
				3F825F5B2AC1D89E00392156 /* GameViewDelegateExtension.swift */,
				3F825F5D2AC1D8C200392156 /* GameViewCollectionViewDelegateFlowLayoutExtension.swift */,
				3F825F592AC1D82300392156 /* GameViewDataSourceExtension.swift */,
				3F825F572AC1CEA400392156 /* GameView.swift */,
				3F825F5F2AC1DA1800392156 /* GameInstanceCell.swift */,
			);
			name = View;
			sourceTree = "<group>";
		};
		3F825F612AC1DC7800392156 /* GameEngine */ = {
			isa = PBXGroup;
			children = (
				3FA8C7D42AC83866007C2F4B /* GameEngineMenegers */,
				3FA8C7CB2AC833C4007C2F4B /* GameEngineModal */,
			);
			path = GameEngine;
			sourceTree = "<group>";
		};
		3F825F662AC1E4A200392156 /* GameInstances */ = {
			isa = PBXGroup;
			children = (
				3F825F642AC1E49B00392156 /* GameInstance.swift */,
				3F825F672AC1E57900392156 /* HeartInstance.swift */,
				3F825F692AC1E5F400392156 /* StarInstance.swift */,
				3F825F6B2AC1E67600392156 /* TriangleInstance.swift */,
				3F825F6D2AC1E6AB00392156 /* SquareInstance.swift */,
				3F825F6F2AC1E6E600392156 /* EmptyInstance.swift */,
				3FC2DDE62AC8BED8007E2807 /* GameInstanceImageEnum.swift */,
			);
			path = GameInstances;
			sourceTree = "<group>";
		};
		3F825F752AC2D57600392156 /* Modal */ = {
			isa = PBXGroup;
			children = (
				3F825F712AC2D55F00392156 /* SwipeGestureDelegate.swift */,
			);
			path = Modal;
			sourceTree = "<group>";
		};
		3F825F762AC2D57C00392156 /* ViewModal */ = {
			isa = PBXGroup;
			children = (
				3F825F792AC2D88000392156 /* GameViewModel.swift */,
			);
			name = ViewModal;
			sourceTree = "<group>";
		};
		3F923C772AC0422200719921 /* JoinGameViewController */ = {
			isa = PBXGroup;
			children = (
				3F923C7A2AC0427200719921 /* ViewModel */,
				3F923C792AC0426B00719921 /* Model */,
				3F923C782AC0426300719921 /* View */,
			);
			name = JoinGameViewController;
			sourceTree = "<group>";
		};
		3F923C782AC0426300719921 /* View */ = {
			isa = PBXGroup;
			children = (
				3FBC4D702AB0E54800B0E711 /* JoinGameViewController.swift */,
			);
			name = View;
			sourceTree = "<group>";
		};
		3F923C792AC0426B00719921 /* Model */ = {
			isa = PBXGroup;
			children = (
			);
			path = Model;
			sourceTree = "<group>";
		};
		3F923C7A2AC0427200719921 /* ViewModel */ = {
			isa = PBXGroup;
			children = (
			);
			name = ViewModel;
			sourceTree = "<group>";
		};
		3FA8C7CB2AC833C4007C2F4B /* GameEngineModal */ = {
			isa = PBXGroup;
			children = (
				3FA8C7CC2AC833D5007C2F4B /* GameEngineBoardProtocol.swift */,
				3FA8C7D02AC83723007C2F4B /* GameEngineSwipeHendlerProtocol.swift */,
				3FA8C7D22AC837EB007C2F4B /* GameEngineBoardChangeHendlerProtocol.swift */,
				CC49D3072ACB16FF007FDE7F /* GameEnginePlayInformation.swift */,
				3FA8C7D72AC83CC5007C2F4B /* GameEnigneCheckMatchsProtocol.swift */,
			);
			name = GameEngineModal;
			sourceTree = "<group>";
		};
		3FA8C7D42AC83866007C2F4B /* GameEngineMenegers */ = {
			isa = PBXGroup;
			children = (
				3F825F622AC1DC8200392156 /* GameEngine.swift */,
				3FA8C7CE2AC83440007C2F4B /* GameEngineBoardMeneger.swift */,
				3FA8C7D52AC838A0007C2F4B /* GameEngineSwipeMeneger.swift */,
				3FA8C7D92AC83D36007C2F4B /* GameEngineCheckMeneger.swift */,
				3FA8C7DB2AC83F62007C2F4B /* GameEngineBoardHendler.swift */,
				CC49D3092ACB1743007FDE7F /* GameEnginePlayInformationManager.swift */,
			);
			path = GameEngineMenegers;
			sourceTree = "<group>";
		};
		3FBC4D602AB0E54800B0E711 = {
			isa = PBXGroup;
			children = (
				3FBC4D6B2AB0E54800B0E711 /* CandyCrashByPicsartAcademy */,
				3FBC4D6A2AB0E54800B0E711 /* Products */,
			);
			sourceTree = "<group>";
		};
		3FBC4D6A2AB0E54800B0E711 /* Products */ = {
			isa = PBXGroup;
			children = (
				3FBC4D692AB0E54800B0E711 /* CandyCrashByPicsartAcademy.app */,
			);
			name = Products;
			sourceTree = "<group>";
		};
		3FBC4D6B2AB0E54800B0E711 /* CandyCrashByPicsartAcademy */ = {
			isa = PBXGroup;
			children = (
				3F825F662AC1E4A200392156 /* GameInstances */,
				3F825F612AC1DC7800392156 /* GameEngine */,
				3F565A872AC1BB040003A7CC /* GameView */,
				3F923C772AC0422200719921 /* JoinGameViewController */,
				CC3F40362AC073960065075E /* Supported */,
				3FBC4D7A2AB0E54A00B0E711 /* Info.plist */,
			);
			path = CandyCrashByPicsartAcademy;
			sourceTree = "<group>";
		};
		CC3F40362AC073960065075E /* Supported */ = {
			isa = PBXGroup;
			children = (
				3FBC4D6C2AB0E54800B0E711 /* AppDelegate.swift */,
				3FBC4D6E2AB0E54800B0E711 /* SceneDelegate.swift */,
				3FBC4D722AB0E54800B0E711 /* Main.storyboard */,
				3FBC4D752AB0E54A00B0E711 /* Assets.xcassets */,
				3FBC4D772AB0E54A00B0E711 /* LaunchScreen.storyboard */,
				CC3F403A2AC075800065075E /* Extensions */,
				CC3F40372AC073A50065075E /* Fonts */,
			);
			name = Supported;
			sourceTree = "<group>";
		};
		CC3F40372AC073A50065075E /* Fonts */ = {
			isa = PBXGroup;
			children = (
				CC3F40382AC073CE0065075E /* CherryBombOne-Regular.ttf */,
			);
			name = Fonts;
			sourceTree = "<group>";
		};
		CC3F403A2AC075800065075E /* Extensions */ = {
			isa = PBXGroup;
			children = (
				CC3F403B2AC075A20065075E /* UIColor + Extension.swift */,
			);
			name = Extensions;
			sourceTree = "<group>";
		};
/* End PBXGroup section */

/* Begin PBXNativeTarget section */
		3FBC4D682AB0E54800B0E711 /* CandyCrashByPicsartAcademy */ = {
			isa = PBXNativeTarget;
			buildConfigurationList = 3FBC4D7D2AB0E54A00B0E711 /* Build configuration list for PBXNativeTarget "CandyCrashByPicsartAcademy" */;
			buildPhases = (
				3FBC4D652AB0E54800B0E711 /* Sources */,
				3FBC4D662AB0E54800B0E711 /* Frameworks */,
				3FBC4D672AB0E54800B0E711 /* Resources */,
			);
			buildRules = (
			);
			dependencies = (
			);
			name = CandyCrashByPicsartAcademy;
			productName = CandyCrashByPicsartAcademy;
			productReference = 3FBC4D692AB0E54800B0E711 /* CandyCrashByPicsartAcademy.app */;
			productType = "com.apple.product-type.application";
		};
/* End PBXNativeTarget section */

/* Begin PBXProject section */
		3FBC4D612AB0E54800B0E711 /* Project object */ = {
			isa = PBXProject;
			attributes = {
				BuildIndependentTargetsInParallel = 1;
				LastSwiftUpdateCheck = 1430;
				LastUpgradeCheck = 1430;
				TargetAttributes = {
					3FBC4D682AB0E54800B0E711 = {
						CreatedOnToolsVersion = 14.3.1;
					};
				};
			};
			buildConfigurationList = 3FBC4D642AB0E54800B0E711 /* Build configuration list for PBXProject "CandyCrashByPicsartAcademy" */;
			compatibilityVersion = "Xcode 14.0";
			developmentRegion = en;
			hasScannedForEncodings = 0;
			knownRegions = (
				en,
				Base,
			);
			mainGroup = 3FBC4D602AB0E54800B0E711;
			productRefGroup = 3FBC4D6A2AB0E54800B0E711 /* Products */;
			projectDirPath = "";
			projectRoot = "";
			targets = (
				3FBC4D682AB0E54800B0E711 /* CandyCrashByPicsartAcademy */,
			);
		};
/* End PBXProject section */

/* Begin PBXResourcesBuildPhase section */
		3FBC4D672AB0E54800B0E711 /* Resources */ = {
			isa = PBXResourcesBuildPhase;
			buildActionMask = 2147483647;
			files = (
				3FBC4D792AB0E54A00B0E711 /* LaunchScreen.storyboard in Resources */,
				3FBC4D762AB0E54A00B0E711 /* Assets.xcassets in Resources */,
				3FBC4D742AB0E54800B0E711 /* Main.storyboard in Resources */,
				CC3F40392AC073CE0065075E /* CherryBombOne-Regular.ttf in Resources */,
			);
			runOnlyForDeploymentPostprocessing = 0;
		};
/* End PBXResourcesBuildPhase section */

/* Begin PBXSourcesBuildPhase section */
		3FBC4D652AB0E54800B0E711 /* Sources */ = {
			isa = PBXSourcesBuildPhase;
			buildActionMask = 2147483647;
			files = (
				3F825F782AC2D5D200392156 /* GameViewSwipeGestureDelegateExtension.swift in Sources */,
				3F565A8A2AC1BB110003A7CC /* GameViewController.swift in Sources */,
				3FA8C7DA2AC83D36007C2F4B /* GameEngineCheckMeneger.swift in Sources */,
				3FA8C7CF2AC83440007C2F4B /* GameEngineBoardMeneger.swift in Sources */,
				3FC2DDE72AC8BED8007E2807 /* GameInstanceImageEnum.swift in Sources */,
				CC49D3082ACB16FF007FDE7F /* GameEnginePlayInformation.swift in Sources */,
				3F825F682AC1E57900392156 /* HeartInstance.swift in Sources */,
				3FBC4D712AB0E54800B0E711 /* JoinGameViewController.swift in Sources */,
				3FA8C7CD2AC833D5007C2F4B /* GameEngineBoardProtocol.swift in Sources */,
				3F825F602AC1DA1800392156 /* GameInstanceCell.swift in Sources */,
				3F825F5A2AC1D82300392156 /* GameViewDataSourceExtension.swift in Sources */,
				3F825F6E2AC1E6AB00392156 /* SquareInstance.swift in Sources */,
				3F825F652AC1E49B00392156 /* GameInstance.swift in Sources */,
				3F825F5E2AC1D8C200392156 /* GameViewCollectionViewDelegateFlowLayoutExtension.swift in Sources */,
				3F825F702AC1E6E600392156 /* EmptyInstance.swift in Sources */,
				3F825F722AC2D55F00392156 /* SwipeGestureDelegate.swift in Sources */,
				CC3F403C2AC075A20065075E /* UIColor + Extension.swift in Sources */,
				3F825F632AC1DC8200392156 /* GameEngine.swift in Sources */,
				3F825F6C2AC1E67600392156 /* TriangleInstance.swift in Sources */,
				3FA8C7D32AC837EB007C2F4B /* GameEngineBoardChangeHendlerProtocol.swift in Sources */,
				3FA8C7DC2AC83F62007C2F4B /* GameEngineBoardHendler.swift in Sources */,
				3FA8C7D12AC83723007C2F4B /* GameEngineSwipeHendlerProtocol.swift in Sources */,
				3FBC4D6D2AB0E54800B0E711 /* AppDelegate.swift in Sources */,
				3FA8C7D62AC838A0007C2F4B /* GameEngineSwipeMeneger.swift in Sources */,
				CC49D30A2ACB1743007FDE7F /* GameEnginePlayInformationManager.swift in Sources */,
				3F825F6A2AC1E5F400392156 /* StarInstance.swift in Sources */,
				3FA8C7D82AC83CC5007C2F4B /* GameEnigneCheckMatchsProtocol.swift in Sources */,
				3F825F582AC1CEA400392156 /* GameView.swift in Sources */,
				3FBC4D6F2AB0E54800B0E711 /* SceneDelegate.swift in Sources */,
				3F825F5C2AC1D89E00392156 /* GameViewDelegateExtension.swift in Sources */,
				3F825F7A2AC2D88000392156 /* GameViewModel.swift in Sources */,
			);
			runOnlyForDeploymentPostprocessing = 0;
		};
/* End PBXSourcesBuildPhase section */

/* Begin PBXVariantGroup section */
		3FBC4D722AB0E54800B0E711 /* Main.storyboard */ = {
			isa = PBXVariantGroup;
			children = (
				3FBC4D732AB0E54800B0E711 /* Base */,
			);
			name = Main.storyboard;
			sourceTree = "<group>";
		};
		3FBC4D772AB0E54A00B0E711 /* LaunchScreen.storyboard */ = {
			isa = PBXVariantGroup;
			children = (
				3FBC4D782AB0E54A00B0E711 /* Base */,
			);
			name = LaunchScreen.storyboard;
			sourceTree = "<group>";
		};
/* End PBXVariantGroup section */

/* Begin XCBuildConfiguration section */
		3FBC4D7B2AB0E54A00B0E711 /* Debug */ = {
			isa = XCBuildConfiguration;
			buildSettings = {
				ALWAYS_SEARCH_USER_PATHS = NO;
				CLANG_ANALYZER_NONNULL = YES;
				CLANG_ANALYZER_NUMBER_OBJECT_CONVERSION = YES_AGGRESSIVE;
				CLANG_CXX_LANGUAGE_STANDARD = "gnu++20";
				CLANG_ENABLE_MODULES = YES;
				CLANG_ENABLE_OBJC_ARC = YES;
				CLANG_ENABLE_OBJC_WEAK = YES;
				CLANG_WARN_BLOCK_CAPTURE_AUTORELEASING = YES;
				CLANG_WARN_BOOL_CONVERSION = YES;
				CLANG_WARN_COMMA = YES;
				CLANG_WARN_CONSTANT_CONVERSION = YES;
				CLANG_WARN_DEPRECATED_OBJC_IMPLEMENTATIONS = YES;
				CLANG_WARN_DIRECT_OBJC_ISA_USAGE = YES_ERROR;
				CLANG_WARN_DOCUMENTATION_COMMENTS = YES;
				CLANG_WARN_EMPTY_BODY = YES;
				CLANG_WARN_ENUM_CONVERSION = YES;
				CLANG_WARN_INFINITE_RECURSION = YES;
				CLANG_WARN_INT_CONVERSION = YES;
				CLANG_WARN_NON_LITERAL_NULL_CONVERSION = YES;
				CLANG_WARN_OBJC_IMPLICIT_RETAIN_SELF = YES;
				CLANG_WARN_OBJC_LITERAL_CONVERSION = YES;
				CLANG_WARN_OBJC_ROOT_CLASS = YES_ERROR;
				CLANG_WARN_QUOTED_INCLUDE_IN_FRAMEWORK_HEADER = YES;
				CLANG_WARN_RANGE_LOOP_ANALYSIS = YES;
				CLANG_WARN_STRICT_PROTOTYPES = YES;
				CLANG_WARN_SUSPICIOUS_MOVE = YES;
				CLANG_WARN_UNGUARDED_AVAILABILITY = YES_AGGRESSIVE;
				CLANG_WARN_UNREACHABLE_CODE = YES;
				CLANG_WARN__DUPLICATE_METHOD_MATCH = YES;
				COPY_PHASE_STRIP = NO;
				DEBUG_INFORMATION_FORMAT = dwarf;
				ENABLE_STRICT_OBJC_MSGSEND = YES;
				ENABLE_TESTABILITY = YES;
				GCC_C_LANGUAGE_STANDARD = gnu11;
				GCC_DYNAMIC_NO_PIC = NO;
				GCC_NO_COMMON_BLOCKS = YES;
				GCC_OPTIMIZATION_LEVEL = 0;
				GCC_PREPROCESSOR_DEFINITIONS = (
					"DEBUG=1",
					"$(inherited)",
				);
				GCC_WARN_64_TO_32_BIT_CONVERSION = YES;
				GCC_WARN_ABOUT_RETURN_TYPE = YES_ERROR;
				GCC_WARN_UNDECLARED_SELECTOR = YES;
				GCC_WARN_UNINITIALIZED_AUTOS = YES_AGGRESSIVE;
				GCC_WARN_UNUSED_FUNCTION = YES;
				GCC_WARN_UNUSED_VARIABLE = YES;
				IPHONEOS_DEPLOYMENT_TARGET = 16.4;
				MTL_ENABLE_DEBUG_INFO = INCLUDE_SOURCE;
				MTL_FAST_MATH = YES;
				ONLY_ACTIVE_ARCH = YES;
				SDKROOT = iphoneos;
				SWIFT_ACTIVE_COMPILATION_CONDITIONS = DEBUG;
				SWIFT_OPTIMIZATION_LEVEL = "-Onone";
			};
			name = Debug;
		};
		3FBC4D7C2AB0E54A00B0E711 /* Release */ = {
			isa = XCBuildConfiguration;
			buildSettings = {
				ALWAYS_SEARCH_USER_PATHS = NO;
				CLANG_ANALYZER_NONNULL = YES;
				CLANG_ANALYZER_NUMBER_OBJECT_CONVERSION = YES_AGGRESSIVE;
				CLANG_CXX_LANGUAGE_STANDARD = "gnu++20";
				CLANG_ENABLE_MODULES = YES;
				CLANG_ENABLE_OBJC_ARC = YES;
				CLANG_ENABLE_OBJC_WEAK = YES;
				CLANG_WARN_BLOCK_CAPTURE_AUTORELEASING = YES;
				CLANG_WARN_BOOL_CONVERSION = YES;
				CLANG_WARN_COMMA = YES;
				CLANG_WARN_CONSTANT_CONVERSION = YES;
				CLANG_WARN_DEPRECATED_OBJC_IMPLEMENTATIONS = YES;
				CLANG_WARN_DIRECT_OBJC_ISA_USAGE = YES_ERROR;
				CLANG_WARN_DOCUMENTATION_COMMENTS = YES;
				CLANG_WARN_EMPTY_BODY = YES;
				CLANG_WARN_ENUM_CONVERSION = YES;
				CLANG_WARN_INFINITE_RECURSION = YES;
				CLANG_WARN_INT_CONVERSION = YES;
				CLANG_WARN_NON_LITERAL_NULL_CONVERSION = YES;
				CLANG_WARN_OBJC_IMPLICIT_RETAIN_SELF = YES;
				CLANG_WARN_OBJC_LITERAL_CONVERSION = YES;
				CLANG_WARN_OBJC_ROOT_CLASS = YES_ERROR;
				CLANG_WARN_QUOTED_INCLUDE_IN_FRAMEWORK_HEADER = YES;
				CLANG_WARN_RANGE_LOOP_ANALYSIS = YES;
				CLANG_WARN_STRICT_PROTOTYPES = YES;
				CLANG_WARN_SUSPICIOUS_MOVE = YES;
				CLANG_WARN_UNGUARDED_AVAILABILITY = YES_AGGRESSIVE;
				CLANG_WARN_UNREACHABLE_CODE = YES;
				CLANG_WARN__DUPLICATE_METHOD_MATCH = YES;
				COPY_PHASE_STRIP = NO;
				DEBUG_INFORMATION_FORMAT = "dwarf-with-dsym";
				ENABLE_NS_ASSERTIONS = NO;
				ENABLE_STRICT_OBJC_MSGSEND = YES;
				GCC_C_LANGUAGE_STANDARD = gnu11;
				GCC_NO_COMMON_BLOCKS = YES;
				GCC_WARN_64_TO_32_BIT_CONVERSION = YES;
				GCC_WARN_ABOUT_RETURN_TYPE = YES_ERROR;
				GCC_WARN_UNDECLARED_SELECTOR = YES;
				GCC_WARN_UNINITIALIZED_AUTOS = YES_AGGRESSIVE;
				GCC_WARN_UNUSED_FUNCTION = YES;
				GCC_WARN_UNUSED_VARIABLE = YES;
				IPHONEOS_DEPLOYMENT_TARGET = 16.4;
				MTL_ENABLE_DEBUG_INFO = NO;
				MTL_FAST_MATH = YES;
				SDKROOT = iphoneos;
				SWIFT_COMPILATION_MODE = wholemodule;
				SWIFT_OPTIMIZATION_LEVEL = "-O";
				VALIDATE_PRODUCT = YES;
			};
			name = Release;
		};
		3FBC4D7E2AB0E54A00B0E711 /* Debug */ = {
			isa = XCBuildConfiguration;
			buildSettings = {
				ASSETCATALOG_COMPILER_APPICON_NAME = AppIcon;
				ASSETCATALOG_COMPILER_GLOBAL_ACCENT_COLOR_NAME = AccentColor;
				CODE_SIGN_STYLE = Automatic;
				CURRENT_PROJECT_VERSION = 1;
				DEVELOPMENT_TEAM = 4TR6QXU2L9;
				GENERATE_INFOPLIST_FILE = YES;
				INFOPLIST_FILE = CandyCrashByPicsartAcademy/Info.plist;
				INFOPLIST_KEY_UIApplicationSupportsIndirectInputEvents = YES;
				INFOPLIST_KEY_UILaunchStoryboardName = LaunchScreen;
				INFOPLIST_KEY_UIMainStoryboardFile = Main;
				INFOPLIST_KEY_UISupportedInterfaceOrientations_iPad = "UIInterfaceOrientationPortrait UIInterfaceOrientationPortraitUpsideDown UIInterfaceOrientationLandscapeLeft UIInterfaceOrientationLandscapeRight";
				INFOPLIST_KEY_UISupportedInterfaceOrientations_iPhone = "UIInterfaceOrientationPortrait UIInterfaceOrientationLandscapeLeft UIInterfaceOrientationLandscapeRight";
				LD_RUNPATH_SEARCH_PATHS = (
					"$(inherited)",
					"@executable_path/Frameworks",
				);
				MARKETING_VERSION = 1.0;
				PRODUCT_BUNDLE_IDENTIFIER = swift.CandyCrashByPicsartAcademy;
				PRODUCT_NAME = "$(TARGET_NAME)";
				SWIFT_EMIT_LOC_STRINGS = YES;
				SWIFT_VERSION = 5.0;
				TARGETED_DEVICE_FAMILY = "1,2";
			};
			name = Debug;
		};
		3FBC4D7F2AB0E54A00B0E711 /* Release */ = {
			isa = XCBuildConfiguration;
			buildSettings = {
				ASSETCATALOG_COMPILER_APPICON_NAME = AppIcon;
				ASSETCATALOG_COMPILER_GLOBAL_ACCENT_COLOR_NAME = AccentColor;
				CODE_SIGN_STYLE = Automatic;
				CURRENT_PROJECT_VERSION = 1;
				DEVELOPMENT_TEAM = 4TR6QXU2L9;
				GENERATE_INFOPLIST_FILE = YES;
				INFOPLIST_FILE = CandyCrashByPicsartAcademy/Info.plist;
				INFOPLIST_KEY_UIApplicationSupportsIndirectInputEvents = YES;
				INFOPLIST_KEY_UILaunchStoryboardName = LaunchScreen;
				INFOPLIST_KEY_UIMainStoryboardFile = Main;
				INFOPLIST_KEY_UISupportedInterfaceOrientations_iPad = "UIInterfaceOrientationPortrait UIInterfaceOrientationPortraitUpsideDown UIInterfaceOrientationLandscapeLeft UIInterfaceOrientationLandscapeRight";
				INFOPLIST_KEY_UISupportedInterfaceOrientations_iPhone = "UIInterfaceOrientationPortrait UIInterfaceOrientationLandscapeLeft UIInterfaceOrientationLandscapeRight";
				LD_RUNPATH_SEARCH_PATHS = (
					"$(inherited)",
					"@executable_path/Frameworks",
				);
				MARKETING_VERSION = 1.0;
				PRODUCT_BUNDLE_IDENTIFIER = swift.CandyCrashByPicsartAcademy;
				PRODUCT_NAME = "$(TARGET_NAME)";
				SWIFT_EMIT_LOC_STRINGS = YES;
				SWIFT_VERSION = 5.0;
				TARGETED_DEVICE_FAMILY = "1,2";
			};
			name = Release;
		};
/* End XCBuildConfiguration section */

/* Begin XCConfigurationList section */
		3FBC4D642AB0E54800B0E711 /* Build configuration list for PBXProject "CandyCrashByPicsartAcademy" */ = {
			isa = XCConfigurationList;
			buildConfigurations = (
				3FBC4D7B2AB0E54A00B0E711 /* Debug */,
				3FBC4D7C2AB0E54A00B0E711 /* Release */,
			);
			defaultConfigurationIsVisible = 0;
			defaultConfigurationName = Release;
		};
		3FBC4D7D2AB0E54A00B0E711 /* Build configuration list for PBXNativeTarget "CandyCrashByPicsartAcademy" */ = {
			isa = XCConfigurationList;
			buildConfigurations = (
				3FBC4D7E2AB0E54A00B0E711 /* Debug */,
				3FBC4D7F2AB0E54A00B0E711 /* Release */,
			);
			defaultConfigurationIsVisible = 0;
			defaultConfigurationName = Release;
		};
/* End XCConfigurationList section */
	};
	rootObject = 3FBC4D612AB0E54800B0E711 /* Project object */;
}
